
Microsoft Visual Studio Solution File, Format Version 12.00
# Visual Studio Version 17
VisualStudioVersion = 17.5.002.0
MinimumVisualStudioVersion = 10.0.40219.1
Project("{9A19103F-16F7-4668-BE54-9A1E7A4F7556}") = "BlazorStripePayment", "BlazorStripePayment.csproj", "{1A12A6A9-039E-476B-8136-98DEBEF17372}"
EndProject
Global
	GlobalSection(SolutionConfigurationPlatforms) = preSolution
		Debug|Any CPU = Debug|Any CPU
		Release|Any CPU = Release|Any CPU
	EndGlobalSection
	GlobalSection(ProjectConfigurationPlatforms) = postSolution
		{1A12A6A9-039E-476B-8136-98DEBEF17372}.Debug|Any CPU.ActiveCfg = Debug|Any CPU
		{1A12A6A9-039E-476B-8136-98DEBEF17372}.Debug|Any CPU.Build.0 = Debug|Any CPU
		{1A12A6A9-039E-476B-8136-98DEBEF17372}.Release|Any CPU.ActiveCfg = Release|Any CPU
		{1A12A6A9-039E-476B-8136-98DEBEF17372}.Release|Any CPU.Build.0 = Release|Any CPU
	EndGlobalSection
	GlobalSection(SolutionProperties) = preSolution
		HideSolutionNode = FALSE
	EndGlobalSection
	GlobalSection(ExtensibilityGlobals) = postSolution
		SolutionGuid = {E127F99E-A0CF-408C-9A6E-3E2360D43DC5}
	EndGlobalSection
EndGlobal
